
Microsoft Visual Studio Solution File, Format Version 12.00
# Visual Studio 2015
Project("{FAE04EC0-301F-11D3-BF4B-00C04F79EFBC}") = "Stranger Rogue.CSharp", "Stranger Rogue.CSharp.csproj", "{B03521EF-1BC4-4CE9-1754-F68816904172}"
EndProject
Global
	GlobalSection(SolutionConfigurationPlatforms) = preSolution
		Debug|Any CPU = Debug|Any CPU
		Release|Any CPU = Release|Any CPU
	EndGlobalSection
	GlobalSection(ProjectConfigurationPlatforms) = postSolution
		{B03521EF-1BC4-4CE9-1754-F68816904172}.Debug|Any CPU.ActiveCfg = Debug|Any CPU
		{B03521EF-1BC4-4CE9-1754-F68816904172}.Debug|Any CPU.Build.0 = Debug|Any CPU
		{B03521EF-1BC4-4CE9-1754-F68816904172}.Release|Any CPU.ActiveCfg = Release|Any CPU
		{B03521EF-1BC4-4CE9-1754-F68816904172}.Release|Any CPU.Build.0 = Release|Any CPU
	EndGlobalSection
	GlobalSection(SolutionProperties) = preSolution
		HideSolutionNode = FALSE
	EndGlobalSection
EndGlobal
